
Microsoft Visual Studio Solution File, Format Version 12.00
# Visual Studio Version 16
VisualStudioVersion = 16.0.29806.167
MinimumVisualStudioVersion = 10.0.40219.1
Project("{8BC9CEB8-8B4A-11D0-8D11-00A0C91BC942}") = "Image", "Image\Image.vcxproj", "{BECC70FD-B0F0-4AD0-91F9-B1829332F79C}"
EndProject
Global
	GlobalSection(SolutionConfigurationPlatforms) = preSolution
		Debug|x64 = Debug|x64
		Debug|x86 = Debug|x86
		Release|x64 = Release|x64
		Release|x86 = Release|x86
	EndGlobalSection
	GlobalSection(ProjectConfigurationPlatforms) = postSolution
		{BECC70FD-B0F0-4AD0-91F9-B1829332F79C}.Debug|x64.ActiveCfg = Debug|x64
		{BECC70FD-B0F0-4AD0-91F9-B1829332F79C}.Debug|x64.Build.0 = Debug|x64
		{BECC70FD-B0F0-4AD0-91F9-B1829332F79C}.Debug|x86.ActiveCfg = Debug|Win32
		{BECC70FD-B0F0-4AD0-91F9-B1829332F79C}.Debug|x86.Build.0 = Debug|Win32
		{BECC70FD-B0F0-4AD0-91F9-B1829332F79C}.Release|x64.ActiveCfg = Release|x64
		{BECC70FD-B0F0-4AD0-91F9-B1829332F79C}.Release|x64.Build.0 = Release|x64
		{BECC70FD-B0F0-4AD0-91F9-B1829332F79C}.Release|x86.ActiveCfg = Release|Win32
		{BECC70FD-B0F0-4AD0-91F9-B1829332F79C}.Release|x86.Build.0 = Release|Win32
	EndGlobalSection
	GlobalSection(SolutionProperties) = preSolution
		HideSolutionNode = FALSE
	EndGlobalSection
	GlobalSection(ExtensibilityGlobals) = postSolution
		SolutionGuid = {1B1C0D0E-9708-402A-B7C5-06C0BCE36CA9}
	EndGlobalSection
EndGlobal
